
Microsoft Visual Studio Solution File, Format Version 12.00
# Visual Studio Version 16
VisualStudioVersion = 16.0.31729.503
MinimumVisualStudioVersion = 10.0.40219.1
Project("{FAE04EC0-301F-11D3-BF4B-00C04F79EFBC}") = "BinarySearch", "BinarySearch.csproj", "{172850DA-E10D-48F6-8613-5498FBEC9B96}"
EndProject
Global
	GlobalSection(SolutionConfigurationPlatforms) = preSolution
		Debug|Any CPU = Debug|Any CPU
		Release|Any CPU = Release|Any CPU
	EndGlobalSection
	GlobalSection(ProjectConfigurationPlatforms) = postSolution
		{172850DA-E10D-48F6-8613-5498FBEC9B96}.Debug|Any CPU.ActiveCfg = Debug|Any CPU
		{172850DA-E10D-48F6-8613-5498FBEC9B96}.Debug|Any CPU.Build.0 = Debug|Any CPU
		{172850DA-E10D-48F6-8613-5498FBEC9B96}.Release|Any CPU.ActiveCfg = Release|Any CPU
		{172850DA-E10D-48F6-8613-5498FBEC9B96}.Release|Any CPU.Build.0 = Release|Any CPU
	EndGlobalSection
	GlobalSection(SolutionProperties) = preSolution
		HideSolutionNode = FALSE
	EndGlobalSection
	GlobalSection(ExtensibilityGlobals) = postSolution
		SolutionGuid = {21D99C42-7047-4C37-9A31-04C161BD6B40}
	EndGlobalSection
EndGlobal
